
Microsoft Visual Studio Solution File, Format Version 12.00
# Visual Studio Version 16
VisualStudioVersion = 16.0.32002.261
MinimumVisualStudioVersion = 10.0.40219.1
Project("{FAE04EC0-301F-11D3-BF4B-00C04F79EFBC}") = "ISApteka", "ISApteka\ISApteka.csproj", "{567899AB-C4DD-4EA7-8CDB-ED6B52450261}"
EndProject
Global
	GlobalSection(SolutionConfigurationPlatforms) = preSolution
		Debug|Any CPU = Debug|Any CPU
		Release|Any CPU = Release|Any CPU
	EndGlobalSection
	GlobalSection(ProjectConfigurationPlatforms) = postSolution
		{567899AB-C4DD-4EA7-8CDB-ED6B52450261}.Debug|Any CPU.ActiveCfg = Debug|Any CPU
		{567899AB-C4DD-4EA7-8CDB-ED6B52450261}.Debug|Any CPU.Build.0 = Debug|Any CPU
		{567899AB-C4DD-4EA7-8CDB-ED6B52450261}.Release|Any CPU.ActiveCfg = Release|Any CPU
		{567899AB-C4DD-4EA7-8CDB-ED6B52450261}.Release|Any CPU.Build.0 = Release|Any CPU
	EndGlobalSection
	GlobalSection(SolutionProperties) = preSolution
		HideSolutionNode = FALSE
	EndGlobalSection
	GlobalSection(ExtensibilityGlobals) = postSolution
		SolutionGuid = {8AE5F3B9-0531-4642-B8E8-8E670A91331C}
	EndGlobalSection
EndGlobal
